{
  "requires": true,
  "lockfileVersion": 1,
  "dependencies": {
    "cryptr": {
      "version": "6.0.1",
      "resolved": "https://registry.npmjs.org/cryptr/-/cryptr-6.0.1.tgz",
      "integrity": "sha512-PD9twTbG18KfCeEkgEM6BrorTLMt+koQQ6/czeELvSFYeaE9nU9+u6cElZgul+Zbt3o5LGi6UWSTkmgiqK1lIA==",
      "dev": true
    },
    "inputmask": {
      "version": "4.0.9",
      "resolved": "https://registry.npmjs.org/inputmask/-/inputmask-4.0.9.tgz",
      "integrity": "sha512-EodaYhJKncXRBwvCE8YrRmAFmBJ6bWdgX4Qw8QSnK5GBDXE03jgpJhrS+a2N0v2Zsgp+OjKXy7qACktjYD83Uw==",
      "dev": true
    }
  }
}
